
Microsoft Visual Studio Solution File, Format Version 12.00
# Visual Studio Version 16
VisualStudioVersion = 16.0.33027.164
MinimumVisualStudioVersion = 10.0.40219.1
Project("{9A19103F-16F7-4668-BE54-9A1E7A4F7556}") = "ElectionAlerts", "ElectionAlerts\ElectionAlerts.csproj", "{C65D41BD-5EBD-4B40-826F-1BC3EE1034DA}"
EndProject
Global
	GlobalSection(SolutionConfigurationPlatforms) = preSolution
		Debug|Any CPU = Debug|Any CPU
		Release|Any CPU = Release|Any CPU
	EndGlobalSection
	GlobalSection(ProjectConfigurationPlatforms) = postSolution
		{C65D41BD-5EBD-4B40-826F-1BC3EE1034DA}.Debug|Any CPU.ActiveCfg = Debug|Any CPU
		{C65D41BD-5EBD-4B40-826F-1BC3EE1034DA}.Debug|Any CPU.Build.0 = Debug|Any CPU
		{C65D41BD-5EBD-4B40-826F-1BC3EE1034DA}.Release|Any CPU.ActiveCfg = Release|Any CPU
		{C65D41BD-5EBD-4B40-826F-1BC3EE1034DA}.Release|Any CPU.Build.0 = Release|Any CPU
	EndGlobalSection
	GlobalSection(SolutionProperties) = preSolution
		HideSolutionNode = FALSE
	EndGlobalSection
	GlobalSection(ExtensibilityGlobals) = postSolution
		SolutionGuid = {117EA9D2-5286-4BE7-B0B9-58DCC069BAF5}
	EndGlobalSection
EndGlobal
